
Microsoft Visual Studio Solution File, Format Version 12.00
# Visual Studio Version 17
VisualStudioVersion = 17.13.35913.81 d17.13
MinimumVisualStudioVersion = 10.0.40219.1
Project("{54A90642-561A-4BB1-A94E-469ADEE60C69}") = "coreapitask.client", "coreapitask.client\coreapitask.client.esproj", "{CA64F863-BA25-F254-1072-E071E17F300C}"
EndProject
Project("{FAE04EC0-301F-11D3-BF4B-00C04F79EFBC}") = "CoreApiTask.Server", "CoreApiTask.Server\CoreApiTask.Server.csproj", "{29F95847-B9AF-45C1-9D05-A2FB010F9BB2}"
EndProject
Global
	GlobalSection(SolutionConfigurationPlatforms) = preSolution
		Debug|Any CPU = Debug|Any CPU
		Release|Any CPU = Release|Any CPU
	EndGlobalSection
	GlobalSection(ProjectConfigurationPlatforms) = postSolution
		{CA64F863-BA25-F254-1072-E071E17F300C}.Debug|Any CPU.ActiveCfg = Debug|Any CPU
		{CA64F863-BA25-F254-1072-E071E17F300C}.Debug|Any CPU.Build.0 = Debug|Any CPU
		{CA64F863-BA25-F254-1072-E071E17F300C}.Debug|Any CPU.Deploy.0 = Debug|Any CPU
		{CA64F863-BA25-F254-1072-E071E17F300C}.Release|Any CPU.ActiveCfg = Release|Any CPU
		{CA64F863-BA25-F254-1072-E071E17F300C}.Release|Any CPU.Build.0 = Release|Any CPU
		{CA64F863-BA25-F254-1072-E071E17F300C}.Release|Any CPU.Deploy.0 = Release|Any CPU
		{29F95847-B9AF-45C1-9D05-A2FB010F9BB2}.Debug|Any CPU.ActiveCfg = Debug|Any CPU
		{29F95847-B9AF-45C1-9D05-A2FB010F9BB2}.Debug|Any CPU.Build.0 = Debug|Any CPU
		{29F95847-B9AF-45C1-9D05-A2FB010F9BB2}.Release|Any CPU.ActiveCfg = Release|Any CPU
		{29F95847-B9AF-45C1-9D05-A2FB010F9BB2}.Release|Any CPU.Build.0 = Release|Any CPU
	EndGlobalSection
	GlobalSection(SolutionProperties) = preSolution
		HideSolutionNode = FALSE
	EndGlobalSection
	GlobalSection(ExtensibilityGlobals) = postSolution
		SolutionGuid = {CE0E553E-40BC-4E82-9428-64251B0D6533}
	EndGlobalSection
EndGlobal
